
Microsoft Visual Studio Solution File, Format Version 12.00
# Visual Studio Version 17
VisualStudioVersion = 17.5.002.0
MinimumVisualStudioVersion = 10.0.40219.1
Project("{9A19103F-16F7-4668-BE54-9A1E7A4F7556}") = "crowdlaunch-backend", "crowdlaunch-backend.csproj", "{23E608D4-6988-4C8D-86EB-6B9F9B707C69}"
EndProject
Global
	GlobalSection(SolutionConfigurationPlatforms) = preSolution
		Debug|Any CPU = Debug|Any CPU
		Release|Any CPU = Release|Any CPU
	EndGlobalSection
	GlobalSection(ProjectConfigurationPlatforms) = postSolution
		{23E608D4-6988-4C8D-86EB-6B9F9B707C69}.Debug|Any CPU.ActiveCfg = Debug|Any CPU
		{23E608D4-6988-4C8D-86EB-6B9F9B707C69}.Debug|Any CPU.Build.0 = Debug|Any CPU
		{23E608D4-6988-4C8D-86EB-6B9F9B707C69}.Release|Any CPU.ActiveCfg = Release|Any CPU
		{23E608D4-6988-4C8D-86EB-6B9F9B707C69}.Release|Any CPU.Build.0 = Release|Any CPU
	EndGlobalSection
	GlobalSection(SolutionProperties) = preSolution
		HideSolutionNode = FALSE
	EndGlobalSection
	GlobalSection(ExtensibilityGlobals) = postSolution
		SolutionGuid = {52CB168C-6F37-4AF8-A88F-FD6399F7C74E}
	EndGlobalSection
EndGlobal
