
Microsoft Visual Studio Solution File, Format Version 12.00
# Visual Studio Version 17
VisualStudioVersion = 17.5.002.0
MinimumVisualStudioVersion = 10.0.40219.1
Project("{9A19103F-16F7-4668-BE54-9A1E7A4F7556}") = "BookStoreApi", "BookStoreApi.csproj", "{AA5E68C7-B251-4035-B9EE-4CDCA73F23CD}"
EndProject
Global
	GlobalSection(SolutionConfigurationPlatforms) = preSolution
		Debug|Any CPU = Debug|Any CPU
		Release|Any CPU = Release|Any CPU
	EndGlobalSection
	GlobalSection(ProjectConfigurationPlatforms) = postSolution
		{AA5E68C7-B251-4035-B9EE-4CDCA73F23CD}.Debug|Any CPU.ActiveCfg = Debug|Any CPU
		{AA5E68C7-B251-4035-B9EE-4CDCA73F23CD}.Debug|Any CPU.Build.0 = Debug|Any CPU
		{AA5E68C7-B251-4035-B9EE-4CDCA73F23CD}.Release|Any CPU.ActiveCfg = Release|Any CPU
		{AA5E68C7-B251-4035-B9EE-4CDCA73F23CD}.Release|Any CPU.Build.0 = Release|Any CPU
	EndGlobalSection
	GlobalSection(SolutionProperties) = preSolution
		HideSolutionNode = FALSE
	EndGlobalSection
	GlobalSection(ExtensibilityGlobals) = postSolution
		SolutionGuid = {47BCBCD0-5004-4875-A8EA-590802BE23C6}
	EndGlobalSection
EndGlobal
