
Microsoft Visual Studio Solution File, Format Version 12.00
# Visual Studio Version 17
VisualStudioVersion = 17.5.002.0
MinimumVisualStudioVersion = 10.0.40219.1
Project("{9A19103F-16F7-4668-BE54-9A1E7A4F7556}") = "BookStoreApi", "BookStoreApi.csproj", "{CC4CB68E-2021-44B1-A485-1FF8166BF444}"
EndProject
Global
	GlobalSection(SolutionConfigurationPlatforms) = preSolution
		Debug|Any CPU = Debug|Any CPU
		Release|Any CPU = Release|Any CPU
	EndGlobalSection
	GlobalSection(ProjectConfigurationPlatforms) = postSolution
		{CC4CB68E-2021-44B1-A485-1FF8166BF444}.Debug|Any CPU.ActiveCfg = Debug|Any CPU
		{CC4CB68E-2021-44B1-A485-1FF8166BF444}.Debug|Any CPU.Build.0 = Debug|Any CPU
		{CC4CB68E-2021-44B1-A485-1FF8166BF444}.Release|Any CPU.ActiveCfg = Release|Any CPU
		{CC4CB68E-2021-44B1-A485-1FF8166BF444}.Release|Any CPU.Build.0 = Release|Any CPU
	EndGlobalSection
	GlobalSection(SolutionProperties) = preSolution
		HideSolutionNode = FALSE
	EndGlobalSection
	GlobalSection(ExtensibilityGlobals) = postSolution
		SolutionGuid = {A1795249-8BE8-4390-9D2A-CD1F67ADC077}
	EndGlobalSection
EndGlobal
